
Microsoft Visual Studio Solution File, Format Version 12.00
# Visual Studio Version 17
VisualStudioVersion = 17.0.31903.59
MinimumVisualStudioVersion = 10.0.40219.1
Project("{2150E333-8FDC-42A3-9474-1A3956D46DE8}") = "src", "src", "{503E6675-B70F-49E3-A811-13C1BBDB95E2}"
EndProject
Project("{FAE04EC0-301F-11D3-BF4B-00C04F79EFBC}") = "LongGrid.Core", "src\LongGrid.Core\LongGrid.Core.csproj", "{6FBD98BA-F87F-42CA-AE3B-7D232352B5AB}"
EndProject
Project("{2150E333-8FDC-42A3-9474-1A3956D46DE8}") = "probes", "probes", "{5F6F60D3-442B-4856-A7D6-B2262AE3CCF8}"
EndProject
Project("{FAE04EC0-301F-11D3-BF4B-00C04F79EFBC}") = "LongGrid.Spikes.DesktopCatalog", "probes\LongGrid.Spikes.DesktopCatalog\LongGrid.Spikes.DesktopCatalog.csproj", "{BE60AA22-73DB-415F-AF8F-58D469040651}"
EndProject
Project("{2150E333-8FDC-42A3-9474-1A3956D46DE8}") = "tests", "tests", "{84616EBF-974A-48BE-883B-B29201520226}"
EndProject
Project("{FAE04EC0-301F-11D3-BF4B-00C04F79EFBC}") = "LongGrid.Core.Tests", "tests\LongGrid.Core.Tests\LongGrid.Core.Tests.csproj", "{C6541943-394C-4DAD-8F62-B96B382BE428}"
EndProject
Project("{FAE04EC0-301F-11D3-BF4B-00C04F79EFBC}") = "LongGrid.Spikes.ShellDesktopCatalog", "probes\LongGrid.Spikes.ShellDesktopCatalog\LongGrid.Spikes.ShellDesktopCatalog.csproj", "{B80F9D6F-7429-404C-AEAE-6FEF7F29A17C}"
EndProject
Project("{FAE04EC0-301F-11D3-BF4B-00C04F79EFBC}") = "LongGrid.Spikes.FileIdentity", "probes\LongGrid.Spikes.FileIdentity\LongGrid.Spikes.FileIdentity.csproj", "{F6213B5F-31ED-4C3D-AB65-0B11F30220F9}"
EndProject
Project("{FAE04EC0-301F-11D3-BF4B-00C04F79EFBC}") = "LongGrid.Spikes.ShellChangeNotifications", "probes\LongGrid.Spikes.ShellChangeNotifications\LongGrid.Spikes.ShellChangeNotifications.csproj", "{A2B20141-05BC-4E30-B846-A043FF812F0F}"
EndProject
Project("{FAE04EC0-301F-11D3-BF4B-00C04F79EFBC}") = "LongGrid.Spikes.ShellItemImages", "probes\LongGrid.Spikes.ShellItemImages\LongGrid.Spikes.ShellItemImages.csproj", "{C2836CBA-23F6-4BCA-B27C-CED55DE96E48}"
EndProject
Global
	GlobalSection(SolutionConfigurationPlatforms) = preSolution
		Debug|Any CPU = Debug|Any CPU
		Release|Any CPU = Release|Any CPU
	EndGlobalSection
	GlobalSection(SolutionProperties) = preSolution
		HideSolutionNode = FALSE
	EndGlobalSection
	GlobalSection(ProjectConfigurationPlatforms) = postSolution
		{6FBD98BA-F87F-42CA-AE3B-7D232352B5AB}.Debug|Any CPU.ActiveCfg = Debug|Any CPU
		{6FBD98BA-F87F-42CA-AE3B-7D232352B5AB}.Debug|Any CPU.Build.0 = Debug|Any CPU
		{6FBD98BA-F87F-42CA-AE3B-7D232352B5AB}.Release|Any CPU.ActiveCfg = Release|Any CPU
		{6FBD98BA-F87F-42CA-AE3B-7D232352B5AB}.Release|Any CPU.Build.0 = Release|Any CPU
		{BE60AA22-73DB-415F-AF8F-58D469040651}.Debug|Any CPU.ActiveCfg = Debug|Any CPU
		{BE60AA22-73DB-415F-AF8F-58D469040651}.Debug|Any CPU.Build.0 = Debug|Any CPU
		{BE60AA22-73DB-415F-AF8F-58D469040651}.Release|Any CPU.ActiveCfg = Release|Any CPU
		{BE60AA22-73DB-415F-AF8F-58D469040651}.Release|Any CPU.Build.0 = Release|Any CPU
		{C6541943-394C-4DAD-8F62-B96B382BE428}.Debug|Any CPU.ActiveCfg = Debug|Any CPU
		{C6541943-394C-4DAD-8F62-B96B382BE428}.Debug|Any CPU.Build.0 = Debug|Any CPU
		{C6541943-394C-4DAD-8F62-B96B382BE428}.Release|Any CPU.ActiveCfg = Release|Any CPU
		{C6541943-394C-4DAD-8F62-B96B382BE428}.Release|Any CPU.Build.0 = Release|Any CPU
		{B80F9D6F-7429-404C-AEAE-6FEF7F29A17C}.Debug|Any CPU.ActiveCfg = Debug|Any CPU
		{B80F9D6F-7429-404C-AEAE-6FEF7F29A17C}.Debug|Any CPU.Build.0 = Debug|Any CPU
		{B80F9D6F-7429-404C-AEAE-6FEF7F29A17C}.Release|Any CPU.ActiveCfg = Release|Any CPU
		{B80F9D6F-7429-404C-AEAE-6FEF7F29A17C}.Release|Any CPU.Build.0 = Release|Any CPU
		{F6213B5F-31ED-4C3D-AB65-0B11F30220F9}.Debug|Any CPU.ActiveCfg = Debug|Any CPU
		{F6213B5F-31ED-4C3D-AB65-0B11F30220F9}.Debug|Any CPU.Build.0 = Debug|Any CPU
		{F6213B5F-31ED-4C3D-AB65-0B11F30220F9}.Release|Any CPU.ActiveCfg = Release|Any CPU
		{F6213B5F-31ED-4C3D-AB65-0B11F30220F9}.Release|Any CPU.Build.0 = Release|Any CPU
		{A2B20141-05BC-4E30-B846-A043FF812F0F}.Debug|Any CPU.ActiveCfg = Debug|Any CPU
		{A2B20141-05BC-4E30-B846-A043FF812F0F}.Debug|Any CPU.Build.0 = Debug|Any CPU
		{A2B20141-05BC-4E30-B846-A043FF812F0F}.Release|Any CPU.ActiveCfg = Release|Any CPU
		{A2B20141-05BC-4E30-B846-A043FF812F0F}.Release|Any CPU.Build.0 = Release|Any CPU
		{C2836CBA-23F6-4BCA-B27C-CED55DE96E48}.Debug|Any CPU.ActiveCfg = Debug|Any CPU
		{C2836CBA-23F6-4BCA-B27C-CED55DE96E48}.Debug|Any CPU.Build.0 = Debug|Any CPU
		{C2836CBA-23F6-4BCA-B27C-CED55DE96E48}.Release|Any CPU.ActiveCfg = Release|Any CPU
		{C2836CBA-23F6-4BCA-B27C-CED55DE96E48}.Release|Any CPU.Build.0 = Release|Any CPU
	EndGlobalSection
	GlobalSection(NestedProjects) = preSolution
		{6FBD98BA-F87F-42CA-AE3B-7D232352B5AB} = {503E6675-B70F-49E3-A811-13C1BBDB95E2}
		{BE60AA22-73DB-415F-AF8F-58D469040651} = {5F6F60D3-442B-4856-A7D6-B2262AE3CCF8}
		{C6541943-394C-4DAD-8F62-B96B382BE428} = {84616EBF-974A-48BE-883B-B29201520226}
		{B80F9D6F-7429-404C-AEAE-6FEF7F29A17C} = {5F6F60D3-442B-4856-A7D6-B2262AE3CCF8}
		{F6213B5F-31ED-4C3D-AB65-0B11F30220F9} = {5F6F60D3-442B-4856-A7D6-B2262AE3CCF8}
		{A2B20141-05BC-4E30-B846-A043FF812F0F} = {5F6F60D3-442B-4856-A7D6-B2262AE3CCF8}
		{C2836CBA-23F6-4BCA-B27C-CED55DE96E48} = {5F6F60D3-442B-4856-A7D6-B2262AE3CCF8}
	EndGlobalSection
EndGlobal
